
Microsoft Visual Studio Solution File, Format Version 12.00
# Visual Studio Version 17
VisualStudioVersion = 17.3.32825.248
MinimumVisualStudioVersion = 10.0.40219.1
Project("{FAE04EC0-301F-11D3-BF4B-00C04F79EFBC}") = "WebShop", "WebShop\WebShop.csproj", "{EF43A39E-09F3-4A6B-8294-B88A123D46E7}"
EndProject
Global
	GlobalSection(SolutionConfigurationPlatforms) = preSolution
		Debug|Any CPU = Debug|Any CPU
		Release|Any CPU = Release|Any CPU
	EndGlobalSection
	GlobalSection(ProjectConfigurationPlatforms) = postSolution
		{EF43A39E-09F3-4A6B-8294-B88A123D46E7}.Debug|Any CPU.ActiveCfg = Debug|Any CPU
		{EF43A39E-09F3-4A6B-8294-B88A123D46E7}.Debug|Any CPU.Build.0 = Debug|Any CPU
		{EF43A39E-09F3-4A6B-8294-B88A123D46E7}.Release|Any CPU.ActiveCfg = Release|Any CPU
		{EF43A39E-09F3-4A6B-8294-B88A123D46E7}.Release|Any CPU.Build.0 = Release|Any CPU
	EndGlobalSection
	GlobalSection(SolutionProperties) = preSolution
		HideSolutionNode = FALSE
	EndGlobalSection
	GlobalSection(ExtensibilityGlobals) = postSolution
		SolutionGuid = {708E2B52-C591-44B4-B5CB-AFF3DC21F6C4}
	EndGlobalSection
EndGlobal
